github.com/davecgh/go-spew v1.1.0 h1:ZDRjVQ15GmhC3fiQ8ni8+OwkZQO4DARzQgrnXU1Liz8=
github.com/davecgh/go-spew v1.1.0/go.mod h1:J7Y8YcW2NihsgmVo/mv3lAwl/skON4iLHjSsI+c5H38=
github.com/google/uuid v1.1.1 h1:Gkbcsh/GbpXz7lPftLA3P6TYMwjCLYm83jiFQZF/3gY=
github.com/google/uuid v1.1.1/go.mod h1:TIyPZe4MgqvfeYDBFedMoGGpEw/LqOeaOT+nhxU+yHo=
github.com/herumi/bls-eth-go-binary v0.0.0-20200206020841-d19cc489b1d4 h1:9NJ0bT04hJDHLGO5LjhBFkwKMAze3WZYA/V2MtKCAhE=
github.com/herumi/bls-eth-go-binary v0.0.0-20200206020841-d19cc489b1d4/go.mod h1:WKIQeicfSedn/NDDV6IiaxUcthn5gp3w6RbIG/GOLAg=
github.com/kr/pretty v0.1.0/go.mod h1:dAy3ld7l9f0ibDNOQOHHMYYIIbhfbHSm3C4ZsoJORNo=
github.com/kr/pty v1.1.1/go.mod h1:pFQYn66WHrOpPYNljwOMqo10TkYh1fy3cYio2l3bCsQ=
github.com/kr/text v0.1.0/go.mod h1:4Jbv+DJW3UT/LiOwJeYQe1efqtUx/iVham/4vfdArNI=
github.com/pkg/errors v0.8.1/go.mod h1:bwawxfHBFNV+L2hUp1rHADufV3IMtnDRdf1r5NINEl0=
github.com/pkg/errors v0.9.1 h1:FEBLx1zS214owpjy7qsBeixbURkuhQAwrK5UwLGTwt4=
github.com/pkg/errors v0.9.1/go.mod h1:bwawxfHBFNV+L2hUp1rHADufV3IMtnDRdf1r5NINEl0=
github.com/pmezard/go-difflib v1.0.0 h1:4DBwDE0NGyQoBHbLQYPwSUPoCMWR5BEzIk/f1lZbAQM=
github.com/pmezard/go-difflib v1.0.0/go.mod h1:iKH77koFhYxTK1pcRnkKkqfTogsbg7gZNVY4sRDYZ/4=
github.com/stretchr/objx v0.1.0/go.mod h1:HFkY916IF+rwdDfMAkV7OtwuqBVzrE8GR6GFx+wExME=
github.com/stretchr/testify v1.4.0 h1:2E4SXV/wtOkTonXsotYi4li6zVWxYlZuYNCXe9XRJyk=
github.com/stretchr/testify v1.4.0/go.mod h1:j7eGeouHqKxXV5pUuKE4zz7dFj8WfuZ+81PSLYec5m4=
github.com/wealdtech/go-bytesutil v1.0.1/go.mod h1:jENeMqeTEU8FNZyDFRVc7KqBdRKSnJ9CCh26TcuNb9s=
github.com/wealdtech/go-ecodec v1.1.0 h1:yggrTSckcPJRaxxOxQF7FPm21kgE8WA6+f5jdq5Kr8o=
github.com/wealdtech/go-ecodec v1.1.0/go.mod h1:PSdBFEB6cltdT7V4E1jbboufMZTZXcQOKG/2PeEjKK4=
github.com/wealdtech/go-eth2-types/v2 v2.0.2 h1:L1Eg55aArRpUR2H8dnpSevHlSGRDuRQbQwA4IyYh0Js=
github.com/wealdtech/go-eth2-types/v2 v2.0.2/go.mod h1:CXyZc4kcDaJ+s2SglGofkbHbSjXC6zFwKLJpEVYm5tw=
github.com/wealdtech/go-eth2-wallet-encryptor-keystorev4 v1.0.0 h1:IcpS4VpXhYz+TVupB5n6C6IQzaKwG+Rc8nvgCa/da4c=
github.com/wealdtech/go-eth2-wallet-encryptor-keystorev4 v1.0.0/go.mod h1:X8WRO5hEwbjx8ZOqoRmtS1ngyflKs25GkP7qGv7yOqE=
github.com/wealdtech/go-eth2-wallet-store-scratch v1.3.1 h1:GyuTZFUIjGtYZaTBfvCCLYCTY7YGDz3yuEXUm+halwk=
github.com/wealdtech/go-eth2-wallet-store-scratch v1.3.1/go.mod h1:9uTuHDbIJitFqQXvqK7ad3MrBElTt9TMJMHXtGCdNFQ=
github.com/wealdtech/go-eth2-wallet-types/v2 v2.0.0 h1:EyTwHO7zXtYkf62h3MqSB3OWc8pv0dnFl41yykUJY3s=
github.com/wealdtech/go-eth2-wallet-types/v2 v2.0.0/go.mod h1:FWaLEUjjRHbJWJtzrWjj+66UAQgzGaLlgIsKZckMAGc=
github.com/wealdtech/go-indexer v1.0.0 h1:/S4rfWQbSOnnYmwnvuTVatDibZ8o1s9bmTCHO16XINg=
github.com/wealdtech/go-indexer v1.0.0/go.mod h1:u1cjsbsOXsm5jzJDyLmZY7GsrdX8KYXKBXkZcAmk3Zg=
golang.org/x/crypto v0.0.0-20190308221718-c2843e01d9a2/go.mod h1:djNgcEr1/C05ACkg1iLfiJU5Ep61QUkGW8qpdssI0+w=
golang.org/x/crypto v0.0.0-20190911031432-227b76d455e7/go.mod h1:yigFU9vqHzYiE8UmvKecakEJjdnWj3jj499lnFckfCI=
golang.org/x/crypto v0.0.0-20191105034135-c7e5f84aec59/go.mod h1:LzIPMQfyMNhhGPhUkYOs5KpL4U8rLKemX1yGLhDgUto=
golang.org/x/crypto v0.0.0-20200221231518-2aa609cf4a9d h1:1ZiEyfaQIg3Qh0EoqpwAakHVhecoE5wlSg5GjnafJGw=
golang.org/x/crypto v0.0.0-20200221231518-2aa609cf4a9d/go.mod h1:LzIPMQfyMNhhGPhUkYOs5KpL4U8rLKemX1yGLhDgUto=
golang.org/x/net v0.0.0-20190404232315-eb5bcb51f2a3/go.mod h1:t9HGtf8HONx5eT2rtn7q6eTqICYqUVnKs3thJo3Qplg=
golang.org/x/sys v0.0.0-20190215142949-d0b11bdaac8a/go.mod h1:STP8DvDyc/dI5b8T5hshtkjS+E42TnysNCUPdjciGhY=
golang.org/x/sys v0.0.0-20190412213103-97732733099d/go.mod h1:h1NjWce9XRLGQEsW7wpKNCjG9DtNlClVuFLEZdDNbEs=
golang.org/x/text v0.3.0/go.mod h1:NqM8EUOU14njkJ3fqMW+pc6Ldnwhi/IjpwHt7yyuwOQ=
gopkg.in/check.v1 v0.0.0-20161208181325-20d25e280405/go.mod h1:Co6ibVJAznAaIkqp8huTwlJQCZ016jof/cbN4VW5Yz0=
gopkg.in/check.v1 v1.0.0-20190902080502-41f04d3bba15/go.mod h1:Co6ibVJAznAaIkqp8huTwlJQCZ016jof/cbN4VW5Yz0=
gopkg.in/yaml.v2 v2.2.2 h1:ZCJp+EgiOT7lHqUV2J862kp8Qj64Jo6az82+3Td9dZw=
gopkg.in/yaml.v2 v2.2.2/go.mod h1:hI93XBmqTisBFMUTm0b8Fm+jr3Dg1NNxqwp+5A1VGuI=
